# THIS IS AN AUTOGENERATED FILE. DO NOT EDIT THIS FILE DIRECTLY.
# yarn lockfile v1


env-var@^7.0.0:
  version "7.0.0"
  resolved "https://registry.yarnpkg.com/env-var/-/env-var-7.0.0.tgz#db3e4733ec419d8fa3bc49b67a4d2ff8cbb14294"
  integrity sha512-XnoXQhg98QpSQqpBjySM3VjXGVrIvisgFbFURxAxOymarLzlcdvy6Y3qlnvZFaAp5j99qwSbRwqbrZtug/0x9w==
